
Microsoft Visual Studio Solution File, Format Version 12.00
# Visual Studio Version 17
VisualStudioVersion = 17.9.34622.214
MinimumVisualStudioVersion = 10.0.40219.1
Project("{FAE04EC0-301F-11D3-BF4B-00C04F79EFBC}") = "console lil bro", "console lil bro\console lil bro.csproj", "{BEC9951E-1A48-4BC9-AE6E-0E9F077932AD}"
EndProject
Global
	GlobalSection(SolutionConfigurationPlatforms) = preSolution
		Debug|Any CPU = Debug|Any CPU
		Release|Any CPU = Release|Any CPU
	EndGlobalSection
	GlobalSection(ProjectConfigurationPlatforms) = postSolution
		{BEC9951E-1A48-4BC9-AE6E-0E9F077932AD}.Debug|Any CPU.ActiveCfg = Debug|Any CPU
		{BEC9951E-1A48-4BC9-AE6E-0E9F077932AD}.Debug|Any CPU.Build.0 = Debug|Any CPU
		{BEC9951E-1A48-4BC9-AE6E-0E9F077932AD}.Release|Any CPU.ActiveCfg = Release|Any CPU
		{BEC9951E-1A48-4BC9-AE6E-0E9F077932AD}.Release|Any CPU.Build.0 = Release|Any CPU
	EndGlobalSection
	GlobalSection(SolutionProperties) = preSolution
		HideSolutionNode = FALSE
	EndGlobalSection
	GlobalSection(ExtensibilityGlobals) = postSolution
		SolutionGuid = {6B7A790B-5BC1-4AEB-9559-A6A575FE8103}
	EndGlobalSection
EndGlobal
