
Microsoft Visual Studio Solution File, Format Version 12.00
# Visual Studio Version 17
VisualStudioVersion = 17.9.34622.214
MinimumVisualStudioVersion = 10.0.40219.1
Project("{FAE04EC0-301F-11D3-BF4B-00C04F79EFBC}") = "Om mig", "Om mig\Om mig.csproj", "{F2810DCA-52C6-46E2-AA47-A37C535DE2EF}"
EndProject
Global
	GlobalSection(SolutionConfigurationPlatforms) = preSolution
		Debug|Any CPU = Debug|Any CPU
		Release|Any CPU = Release|Any CPU
	EndGlobalSection
	GlobalSection(ProjectConfigurationPlatforms) = postSolution
		{F2810DCA-52C6-46E2-AA47-A37C535DE2EF}.Debug|Any CPU.ActiveCfg = Debug|Any CPU
		{F2810DCA-52C6-46E2-AA47-A37C535DE2EF}.Debug|Any CPU.Build.0 = Debug|Any CPU
		{F2810DCA-52C6-46E2-AA47-A37C535DE2EF}.Release|Any CPU.ActiveCfg = Release|Any CPU
		{F2810DCA-52C6-46E2-AA47-A37C535DE2EF}.Release|Any CPU.Build.0 = Release|Any CPU
	EndGlobalSection
	GlobalSection(SolutionProperties) = preSolution
		HideSolutionNode = FALSE
	EndGlobalSection
	GlobalSection(ExtensibilityGlobals) = postSolution
		SolutionGuid = {8EAF27ED-B0CF-4AC8-A243-6E05333C4908}
	EndGlobalSection
EndGlobal
