
Microsoft Visual Studio Solution File, Format Version 12.00
# Visual Studio Version 17
VisualStudioVersion = 17.9.34622.214
MinimumVisualStudioVersion = 10.0.40219.1
Project("{FAE04EC0-301F-11D3-BF4B-00C04F79EFBC}") = "jag vet inte längre", "jag vet inte längre\jag vet inte längre.csproj", "{5B5AAE34-974C-407E-B04B-EFECD9433B0C}"
EndProject
Global
	GlobalSection(SolutionConfigurationPlatforms) = preSolution
		Debug|Any CPU = Debug|Any CPU
		Release|Any CPU = Release|Any CPU
	EndGlobalSection
	GlobalSection(ProjectConfigurationPlatforms) = postSolution
		{5B5AAE34-974C-407E-B04B-EFECD9433B0C}.Debug|Any CPU.ActiveCfg = Debug|Any CPU
		{5B5AAE34-974C-407E-B04B-EFECD9433B0C}.Debug|Any CPU.Build.0 = Debug|Any CPU
		{5B5AAE34-974C-407E-B04B-EFECD9433B0C}.Release|Any CPU.ActiveCfg = Release|Any CPU
		{5B5AAE34-974C-407E-B04B-EFECD9433B0C}.Release|Any CPU.Build.0 = Release|Any CPU
	EndGlobalSection
	GlobalSection(SolutionProperties) = preSolution
		HideSolutionNode = FALSE
	EndGlobalSection
	GlobalSection(ExtensibilityGlobals) = postSolution
		SolutionGuid = {F2D65631-1F5B-44FF-B7A7-238B36FB4604}
	EndGlobalSection
EndGlobal
