
Microsoft Visual Studio Solution File, Format Version 12.00
# Visual Studio Version 17
VisualStudioVersion = 17.9.34622.214
MinimumVisualStudioVersion = 10.0.40219.1
Project("{FAE04EC0-301F-11D3-BF4B-00C04F79EFBC}") = "ConsoleApp7", "ConsoleApp7\ConsoleApp7.csproj", "{B8CA2223-6AB8-42AA-BADA-3D5597080112}"
EndProject
Global
	GlobalSection(SolutionConfigurationPlatforms) = preSolution
		Debug|Any CPU = Debug|Any CPU
		Release|Any CPU = Release|Any CPU
	EndGlobalSection
	GlobalSection(ProjectConfigurationPlatforms) = postSolution
		{B8CA2223-6AB8-42AA-BADA-3D5597080112}.Debug|Any CPU.ActiveCfg = Debug|Any CPU
		{B8CA2223-6AB8-42AA-BADA-3D5597080112}.Debug|Any CPU.Build.0 = Debug|Any CPU
		{B8CA2223-6AB8-42AA-BADA-3D5597080112}.Release|Any CPU.ActiveCfg = Release|Any CPU
		{B8CA2223-6AB8-42AA-BADA-3D5597080112}.Release|Any CPU.Build.0 = Release|Any CPU
	EndGlobalSection
	GlobalSection(SolutionProperties) = preSolution
		HideSolutionNode = FALSE
	EndGlobalSection
	GlobalSection(ExtensibilityGlobals) = postSolution
		SolutionGuid = {52C6CC87-8FA5-45EA-9D35-70B85B23FC3F}
	EndGlobalSection
EndGlobal
