
Microsoft Visual Studio Solution File, Format Version 12.00
# Visual Studio Version 17
VisualStudioVersion = 17.9.34622.214
MinimumVisualStudioVersion = 10.0.40219.1
Project("{FAE04EC0-301F-11D3-BF4B-00C04F79EFBC}") = "GoalsApplication", "GoalsApplication\GoalsApplication.csproj", "{DA2D04A9-930D-4AE0-B317-50605B051DFA}"
EndProject
Global
	GlobalSection(SolutionConfigurationPlatforms) = preSolution
		Debug|Any CPU = Debug|Any CPU
		Release|Any CPU = Release|Any CPU
	EndGlobalSection
	GlobalSection(ProjectConfigurationPlatforms) = postSolution
		{DA2D04A9-930D-4AE0-B317-50605B051DFA}.Debug|Any CPU.ActiveCfg = Debug|Any CPU
		{DA2D04A9-930D-4AE0-B317-50605B051DFA}.Debug|Any CPU.Build.0 = Debug|Any CPU
		{DA2D04A9-930D-4AE0-B317-50605B051DFA}.Release|Any CPU.ActiveCfg = Release|Any CPU
		{DA2D04A9-930D-4AE0-B317-50605B051DFA}.Release|Any CPU.Build.0 = Release|Any CPU
	EndGlobalSection
	GlobalSection(SolutionProperties) = preSolution
		HideSolutionNode = FALSE
	EndGlobalSection
	GlobalSection(ExtensibilityGlobals) = postSolution
		SolutionGuid = {63C9F9A0-5891-45D3-9E1B-F0D82F8F170F}
	EndGlobalSection
EndGlobal
