
Microsoft Visual Studio Solution File, Format Version 12.00
# Visual Studio Version 17
VisualStudioVersion = 17.9.34616.47
MinimumVisualStudioVersion = 10.0.40219.1
Project("{FAE04EC0-301F-11D3-BF4B-00C04F79EFBC}") = "BroudcastSocialMedia", "BroudcastSocialMedia\BroudcastSocialMedia.csproj", "{E9F8B88F-4095-46CF-8FB5-6A97E8353592}"
EndProject
Global
	GlobalSection(SolutionConfigurationPlatforms) = preSolution
		Debug|Any CPU = Debug|Any CPU
		Release|Any CPU = Release|Any CPU
	EndGlobalSection
	GlobalSection(ProjectConfigurationPlatforms) = postSolution
		{E9F8B88F-4095-46CF-8FB5-6A97E8353592}.Debug|Any CPU.ActiveCfg = Debug|Any CPU
		{E9F8B88F-4095-46CF-8FB5-6A97E8353592}.Debug|Any CPU.Build.0 = Debug|Any CPU
		{E9F8B88F-4095-46CF-8FB5-6A97E8353592}.Release|Any CPU.ActiveCfg = Release|Any CPU
		{E9F8B88F-4095-46CF-8FB5-6A97E8353592}.Release|Any CPU.Build.0 = Release|Any CPU
	EndGlobalSection
	GlobalSection(SolutionProperties) = preSolution
		HideSolutionNode = FALSE
	EndGlobalSection
	GlobalSection(ExtensibilityGlobals) = postSolution
		SolutionGuid = {61CAC8F3-7985-4E16-AE74-C50BBF0D122A}
	EndGlobalSection
EndGlobal
