
Microsoft Visual Studio Solution File, Format Version 12.00
# Visual Studio Version 17
VisualStudioVersion = 17.9.34622.214
MinimumVisualStudioVersion = 10.0.40219.1
Project("{FAE04EC0-301F-11D3-BF4B-00C04F79EFBC}") = "joe", "joe\joe.csproj", "{EAFFE295-CBFB-44EC-86EA-955EA880348B}"
EndProject
Global
	GlobalSection(SolutionConfigurationPlatforms) = preSolution
		Debug|Any CPU = Debug|Any CPU
		Release|Any CPU = Release|Any CPU
	EndGlobalSection
	GlobalSection(ProjectConfigurationPlatforms) = postSolution
		{EAFFE295-CBFB-44EC-86EA-955EA880348B}.Debug|Any CPU.ActiveCfg = Debug|Any CPU
		{EAFFE295-CBFB-44EC-86EA-955EA880348B}.Debug|Any CPU.Build.0 = Debug|Any CPU
		{EAFFE295-CBFB-44EC-86EA-955EA880348B}.Release|Any CPU.ActiveCfg = Release|Any CPU
		{EAFFE295-CBFB-44EC-86EA-955EA880348B}.Release|Any CPU.Build.0 = Release|Any CPU
	EndGlobalSection
	GlobalSection(SolutionProperties) = preSolution
		HideSolutionNode = FALSE
	EndGlobalSection
	GlobalSection(ExtensibilityGlobals) = postSolution
		SolutionGuid = {B3023FA7-6E37-42A7-9CBF-3ED4C7CFC6BF}
	EndGlobalSection
EndGlobal
