
Microsoft Visual Studio Solution File, Format Version 12.00
# Visual Studio Version 17
VisualStudioVersion = 17.9.34622.214
MinimumVisualStudioVersion = 10.0.40219.1
Project("{FAE04EC0-301F-11D3-BF4B-00C04F79EFBC}") = "LibraryAppliciation", "LibraryAppliciation\LibraryAppliciation.csproj", "{8D5635BE-D19E-4A27-9D7E-4F6D4835CE53}"
EndProject
Global
	GlobalSection(SolutionConfigurationPlatforms) = preSolution
		Debug|Any CPU = Debug|Any CPU
		Release|Any CPU = Release|Any CPU
	EndGlobalSection
	GlobalSection(ProjectConfigurationPlatforms) = postSolution
		{8D5635BE-D19E-4A27-9D7E-4F6D4835CE53}.Debug|Any CPU.ActiveCfg = Debug|Any CPU
		{8D5635BE-D19E-4A27-9D7E-4F6D4835CE53}.Debug|Any CPU.Build.0 = Debug|Any CPU
		{8D5635BE-D19E-4A27-9D7E-4F6D4835CE53}.Release|Any CPU.ActiveCfg = Release|Any CPU
		{8D5635BE-D19E-4A27-9D7E-4F6D4835CE53}.Release|Any CPU.Build.0 = Release|Any CPU
	EndGlobalSection
	GlobalSection(SolutionProperties) = preSolution
		HideSolutionNode = FALSE
	EndGlobalSection
	GlobalSection(ExtensibilityGlobals) = postSolution
		SolutionGuid = {F262E91C-8FA6-4EB6-9CAC-64D03A8C8D31}
	EndGlobalSection
EndGlobal
